
Microsoft Visual Studio Solution File, Format Version 12.00
# Visual Studio 15
VisualStudioVersion = 15.0.27130.2003
MinimumVisualStudioVersion = 10.0.40219.1
Project("{FAE04EC0-301F-11D3-BF4B-00C04F79EFBC}") = "insert-sorted-array", "insert-sorted-array\insert-sorted-array.csproj", "{47D79140-2E1C-4A5F-B5C9-280BF1CC9F3B}"
EndProject
Global
	GlobalSection(SolutionConfigurationPlatforms) = preSolution
		Debug|Any CPU = Debug|Any CPU
		Release|Any CPU = Release|Any CPU
	EndGlobalSection
	GlobalSection(ProjectConfigurationPlatforms) = postSolution
		{47D79140-2E1C-4A5F-B5C9-280BF1CC9F3B}.Debug|Any CPU.ActiveCfg = Debug|Any CPU
		{47D79140-2E1C-4A5F-B5C9-280BF1CC9F3B}.Debug|Any CPU.Build.0 = Debug|Any CPU
		{47D79140-2E1C-4A5F-B5C9-280BF1CC9F3B}.Release|Any CPU.ActiveCfg = Release|Any CPU
		{47D79140-2E1C-4A5F-B5C9-280BF1CC9F3B}.Release|Any CPU.Build.0 = Release|Any CPU
	EndGlobalSection
	GlobalSection(SolutionProperties) = preSolution
		HideSolutionNode = FALSE
	EndGlobalSection
	GlobalSection(ExtensibilityGlobals) = postSolution
		SolutionGuid = {3245FBF5-FEEA-4C90-8E90-13E3DC0D97F1}
	EndGlobalSection
EndGlobal
