
Microsoft Visual Studio Solution File, Format Version 12.00
# Visual Studio 15
VisualStudioVersion = 15.0.27130.2003
MinimumVisualStudioVersion = 10.0.40219.1
Project("{FAE04EC0-301F-11D3-BF4B-00C04F79EFBC}") = "count-frequency", "count-frequency\count-frequency.csproj", "{8DB2DA1D-827E-470C-A6C7-9E9D6C45AE40}"
EndProject
Global
	GlobalSection(SolutionConfigurationPlatforms) = preSolution
		Debug|Any CPU = Debug|Any CPU
		Release|Any CPU = Release|Any CPU
	EndGlobalSection
	GlobalSection(ProjectConfigurationPlatforms) = postSolution
		{8DB2DA1D-827E-470C-A6C7-9E9D6C45AE40}.Debug|Any CPU.ActiveCfg = Debug|Any CPU
		{8DB2DA1D-827E-470C-A6C7-9E9D6C45AE40}.Debug|Any CPU.Build.0 = Debug|Any CPU
		{8DB2DA1D-827E-470C-A6C7-9E9D6C45AE40}.Release|Any CPU.ActiveCfg = Release|Any CPU
		{8DB2DA1D-827E-470C-A6C7-9E9D6C45AE40}.Release|Any CPU.Build.0 = Release|Any CPU
	EndGlobalSection
	GlobalSection(SolutionProperties) = preSolution
		HideSolutionNode = FALSE
	EndGlobalSection
	GlobalSection(ExtensibilityGlobals) = postSolution
		SolutionGuid = {AD3D7DEC-679D-4EF1-BE0C-5E1DE3E7BC8D}
	EndGlobalSection
EndGlobal
