
Microsoft Visual Studio Solution File, Format Version 12.00
# Visual Studio 15
VisualStudioVersion = 15.0.27130.2003
MinimumVisualStudioVersion = 10.0.40219.1
Project("{FAE04EC0-301F-11D3-BF4B-00C04F79EFBC}") = "count-duplicates", "count-duplicates\count-duplicates.csproj", "{A12DC852-7029-4B3D-AED1-F98D089DC7BA}"
EndProject
Global
	GlobalSection(SolutionConfigurationPlatforms) = preSolution
		Debug|Any CPU = Debug|Any CPU
		Release|Any CPU = Release|Any CPU
	EndGlobalSection
	GlobalSection(ProjectConfigurationPlatforms) = postSolution
		{A12DC852-7029-4B3D-AED1-F98D089DC7BA}.Debug|Any CPU.ActiveCfg = Debug|Any CPU
		{A12DC852-7029-4B3D-AED1-F98D089DC7BA}.Debug|Any CPU.Build.0 = Debug|Any CPU
		{A12DC852-7029-4B3D-AED1-F98D089DC7BA}.Release|Any CPU.ActiveCfg = Release|Any CPU
		{A12DC852-7029-4B3D-AED1-F98D089DC7BA}.Release|Any CPU.Build.0 = Release|Any CPU
	EndGlobalSection
	GlobalSection(SolutionProperties) = preSolution
		HideSolutionNode = FALSE
	EndGlobalSection
	GlobalSection(ExtensibilityGlobals) = postSolution
		SolutionGuid = {7A848041-AC48-4DBD-B140-9036B906D158}
	EndGlobalSection
EndGlobal
